# This file is machine-generated by `gh actions-lock`.
# Do not edit by hand; run `gh actions-lock` to update.
# Docs: https://gh.io/actions-lockfile
version: 'v0.0.2'
workflows:
    '.github/workflows/actions-lock-validate.yml':
        - 'actions/create-github-app-token@bcd2ba49218906704ab6c1aa796996da409d3eb1'
    '.github/workflows/codeql.yml':
        - 'actions/checkout@3d3c42e5aac5ba805825da76410c181273ba90b1'
        - 'github/codeql-action@cdf488f595d80d6e07e03d4674febd5ab45fa938'
    '.github/workflows/linear-release.yml':
        - 'actions/checkout@3d3c42e5aac5ba805825da76410c181273ba90b1'
        - 'linear/linear-release-action@0a25abab892a91062ebf42260dbb2ce6277aa205'
    '.github/workflows/pages.yml':
        - 'actions/checkout@3d3c42e5aac5ba805825da76410c181273ba90b1'
        - 'actions/configure-pages@45bfe0192ca1faeb007ade9deae92b16b8254a0d'
        - 'actions/deploy-pages@cd2ce8fcbc39b97be8ca5fce6e763baed58fa128'
        - 'actions/upload-pages-artifact@fc324d3547104276b827a68afc52ff2a11cc49c9'
    '.github/workflows/scorecard.yml':
        - 'actions/checkout@3d3c42e5aac5ba805825da76410c181273ba90b1'
        - 'actions/upload-artifact@043fb46d1a93c77aae656e7c1c64a875d1fc6a0a'
        - 'github/codeql-action@db488ddef3bf6cb639b32c2e9a7c0a7ea8271d28'
        - 'ossf/scorecard-action@2d1146689b8cda280b9bc96326124645441f03bc'
    '.github/workflows/zizmor.yml':
        - 'actions/checkout@3d3c42e5aac5ba805825da76410c181273ba90b1'
        - 'zizmorcore/zizmor-action@3dc1ecc9bcb9e94e9b2c709687979e1298497054'
dependencies:
    'actions/checkout@3d3c42e5aac5ba805825da76410c181273ba90b1':
        ref: 'v7.0.1'
        commit: 'sha1-3d3c42e5aac5ba805825da76410c181273ba90b1'
        owner_id: 44036562
        repo_id: 197814629
    'actions/configure-pages@45bfe0192ca1faeb007ade9deae92b16b8254a0d':
        ref: 'v6.0.0'
        commit: 'sha1-45bfe0192ca1faeb007ade9deae92b16b8254a0d'
        owner_id: 44036562
        repo_id: 513659658
    'actions/create-github-app-token@bcd2ba49218906704ab6c1aa796996da409d3eb1':
        ref: 'v3.2.0'
        commit: 'sha1-bcd2ba49218906704ab6c1aa796996da409d3eb1'
        owner_id: 44036562
        repo_id: 642580244
    'actions/deploy-pages@cd2ce8fcbc39b97be8ca5fce6e763baed58fa128':
        ref: 'v5.0.0'
        commit: 'sha1-cd2ce8fcbc39b97be8ca5fce6e763baed58fa128'
        owner_id: 44036562
        repo_id: 438112499
    'actions/upload-artifact@043fb46d1a93c77aae656e7c1c64a875d1fc6a0a':
        ref: 'v7.0.1'
        commit: 'sha1-043fb46d1a93c77aae656e7c1c64a875d1fc6a0a'
        owner_id: 44036562
        repo_id: 192625955
    'actions/upload-artifact@bbbca2ddaa5d8feaa63e36b76fdaad77386f024f':
        ref: 'v7.0.0'
        commit: 'sha1-bbbca2ddaa5d8feaa63e36b76fdaad77386f024f'
        owner_id: 44036562
        repo_id: 192625955
    'actions/upload-pages-artifact@fc324d3547104276b827a68afc52ff2a11cc49c9':
        ref: 'v5.0.0'
        commit: 'sha1-fc324d3547104276b827a68afc52ff2a11cc49c9'
        owner_id: 44036562
        repo_id: 496012378
        uses:
            - 'actions/upload-artifact@bbbca2ddaa5d8feaa63e36b76fdaad77386f024f'
    'github/codeql-action@7188fc363630916deb702c7fdcf4e481b751f97a':
        ref: 'v4.37.1'
        commit: 'sha1-7188fc363630916deb702c7fdcf4e481b751f97a'
        owner_id: 9919
        repo_id: 259445878
    'github/codeql-action@cdf488f595d80d6e07e03d4674febd5ab45fa938':
        ref: 'v4.37.9'
        commit: 'sha1-cdf488f595d80d6e07e03d4674febd5ab45fa938'
        owner_id: 9919
        repo_id: 259445878
    'github/codeql-action@db488ddef3bf6cb639b32c2e9a7c0a7ea8271d28':
        ref: 'v4.37.8'
        commit: 'sha1-db488ddef3bf6cb639b32c2e9a7c0a7ea8271d28'
        owner_id: 9919
        repo_id: 259445878
    'linear/linear-release-action@0a25abab892a91062ebf42260dbb2ce6277aa205':
        ref: 'v0.16.0'
        commit: 'sha1-0a25abab892a91062ebf42260dbb2ce6277aa205'
        owner_id: 46686594
        repo_id: 1150447766
    'ossf/scorecard-action@2d1146689b8cda280b9bc96326124645441f03bc':
        ref: 'v2.4.4'
        commit: 'sha1-2d1146689b8cda280b9bc96326124645441f03bc'
        owner_id: 67707773
        repo_id: 421101922
    'zizmorcore/zizmor-action@3dc1ecc9bcb9e94e9b2c709687979e1298497054':
        ref: 'v0.6.2'
        commit: 'sha1-3dc1ecc9bcb9e94e9b2c709687979e1298497054'
        owner_id: 210636713
        repo_id: 985558803
        uses:
            - 'github/codeql-action@7188fc363630916deb702c7fdcf4e481b751f97a'
