# This file is machine-generated by `gh actions-lock`.
# Do not edit by hand; run `gh actions-lock` to update.
# Docs: https://gh.io/actions-lockfile
version: 'v0.0.2'
workflows:
    '.github/workflows/codeql.yml':
        - 'actions/checkout@3d3c42e5aac5ba805825da76410c181273ba90b1'
        - 'github/codeql-action@db488ddef3bf6cb639b32c2e9a7c0a7ea8271d28'
    '.github/workflows/linear-release.yml':
        - 'actions/checkout@3d3c42e5aac5ba805825da76410c181273ba90b1'
        - 'linear/linear-release-action@0a25abab892a91062ebf42260dbb2ce6277aa205'
    '.github/workflows/pages.yml':
        - 'actions/checkout@3d3c42e5aac5ba805825da76410c181273ba90b1'
        - 'actions/configure-pages@45bfe0192ca1faeb007ade9deae92b16b8254a0d'
        - 'actions/deploy-pages@cd2ce8fcbc39b97be8ca5fce6e763baed58fa128'
        - 'actions/upload-pages-artifact@fc324d3547104276b827a68afc52ff2a11cc49c9'
    '.github/workflows/snake.yml':
        - 'platane/snk@d8f6715049803e982ee5ff501b6b9b7d5deeb09b'
dependencies:
    'actions/checkout@3d3c42e5aac5ba805825da76410c181273ba90b1':
        ref: 'v7.0.1'
        commit: 'sha1-3d3c42e5aac5ba805825da76410c181273ba90b1'
        owner_id: 44036562
        repo_id: 197814629
    'actions/configure-pages@45bfe0192ca1faeb007ade9deae92b16b8254a0d':
        ref: 'v6.0.0'
        commit: 'sha1-45bfe0192ca1faeb007ade9deae92b16b8254a0d'
        owner_id: 44036562
        repo_id: 513659658
    'actions/deploy-pages@cd2ce8fcbc39b97be8ca5fce6e763baed58fa128':
        ref: 'v5.0.0'
        commit: 'sha1-cd2ce8fcbc39b97be8ca5fce6e763baed58fa128'
        owner_id: 44036562
        repo_id: 438112499
    'actions/upload-artifact@bbbca2ddaa5d8feaa63e36b76fdaad77386f024f':
        ref: 'v7.0.0'
        commit: 'sha1-bbbca2ddaa5d8feaa63e36b76fdaad77386f024f'
        owner_id: 44036562
        repo_id: 192625955
    'actions/upload-pages-artifact@fc324d3547104276b827a68afc52ff2a11cc49c9':
        ref: 'v5.0.0'
        commit: 'sha1-fc324d3547104276b827a68afc52ff2a11cc49c9'
        owner_id: 44036562
        repo_id: 496012378
        uses:
            - 'actions/upload-artifact@bbbca2ddaa5d8feaa63e36b76fdaad77386f024f'
    'github/codeql-action@db488ddef3bf6cb639b32c2e9a7c0a7ea8271d28':
        ref: 'v4.37.8'
        commit: 'sha1-db488ddef3bf6cb639b32c2e9a7c0a7ea8271d28'
        owner_id: 9919
        repo_id: 259445878
    'linear/linear-release-action@0a25abab892a91062ebf42260dbb2ce6277aa205':
        ref: 'v0.16.0'
        commit: 'sha1-0a25abab892a91062ebf42260dbb2ce6277aa205'
        owner_id: 46686594
        repo_id: 1150447766
    'platane/snk@d8f6715049803e982ee5ff501b6b9b7d5deeb09b':
        ref: 'v3.5.0'
        commit: 'sha1-d8f6715049803e982ee5ff501b6b9b7d5deeb09b'
        owner_id: 1659820
        repo_id: 279995113
